// !$*UTF8*$!
{
	archiveVersion = 1;
	classes = {
	};
	objectVersion = 51;
	objects = {

/* Begin PBXBuildFile section */
		A83375AE23F8F2AE00321FDE /* AppDelegate.swift in Sources */ = {isa = PBXBuildFile; fileRef = A83375AD23F8F2AE00321FDE /* AppDelegate.swift */; };
		A83375B023F8F2AE00321FDE /* SceneDelegate.swift in Sources */ = {isa = PBXBuildFile; fileRef = A83375AF23F8F2AE00321FDE /* SceneDelegate.swift */; };
		A83375B523F8F2AE00321FDE /* Main.storyboard in Resources */ = {isa = PBXBuildFile; fileRef = A83375B323F8F2AE00321FDE /* Main.storyboard */; };
		A83375B723F8F2B100321FDE /* Assets.xcassets in Resources */ = {isa = PBXBuildFile; fileRef = A83375B623F8F2B100321FDE /* Assets.xcassets */; };
		A83375BA23F8F2B100321FDE /* LaunchScreen.storyboard in Resources */ = {isa = PBXBuildFile; fileRef = A83375B823F8F2B100321FDE /* LaunchScreen.storyboard */; };
		A83375C423F8F30000321FDE /* GoogleService-Info.plist in Resources */ = {isa = PBXBuildFile; fileRef = A83375C323F8F30000321FDE /* GoogleService-Info.plist */; };
		A83375CF23F8F3AE00321FDE /* SignUpController.swift in Sources */ = {isa = PBXBuildFile; fileRef = A83375CE23F8F3AE00321FDE /* SignUpController.swift */; };
		A83375DA23F901BE00321FDE /* Color.swift in Sources */ = {isa = PBXBuildFile; fileRef = A83375D923F901BE00321FDE /* Color.swift */; };
		A83375DD23F9023B00321FDE /* MainTabBarController.swift in Sources */ = {isa = PBXBuildFile; fileRef = A83375DC23F9023B00321FDE /* MainTabBarController.swift */; };
		A8341B47242AA18500F6C478 /* ProfileImagePickerController.swift in Sources */ = {isa = PBXBuildFile; fileRef = A8341B46242AA18500F6C478 /* ProfileImagePickerController.swift */; };
		A83F2DA82406130E00FE705C /* Extensions.swift in Sources */ = {isa = PBXBuildFile; fileRef = A83F2DA72406130E00FE705C /* Extensions.swift */; };
		A840B6EF23F9A0E8004237E8 /* MeController.swift in Sources */ = {isa = PBXBuildFile; fileRef = A840B6EE23F9A0E8004237E8 /* MeController.swift */; };
		A840B6F123F9A81C004237E8 /* MeCell.swift in Sources */ = {isa = PBXBuildFile; fileRef = A840B6F023F9A81C004237E8 /* MeCell.swift */; };
		A840B6F323F9B58E004237E8 /* DiscoverController.swift in Sources */ = {isa = PBXBuildFile; fileRef = A840B6F223F9B58E004237E8 /* DiscoverController.swift */; };
		A840B6F623F9B9D0004237E8 /* ProfileHeaderView.swift in Sources */ = {isa = PBXBuildFile; fileRef = A840B6F523F9B9D0004237E8 /* ProfileHeaderView.swift */; };
		A840B6F823F9FD47004237E8 /* ChatController.swift in Sources */ = {isa = PBXBuildFile; fileRef = A840B6F723F9FD47004237E8 /* ChatController.swift */; };
		A840B6FA23FA1DA4004237E8 /* SettingController.swift in Sources */ = {isa = PBXBuildFile; fileRef = A840B6F923FA1DA3004237E8 /* SettingController.swift */; };
		A8426D5123F935FE00C7FD2C /* MessageController.swift in Sources */ = {isa = PBXBuildFile; fileRef = A8426D5023F935FE00C7FD2C /* MessageController.swift */; };
		A8426D5323F9362400C7FD2C /* AddressBookController.swift in Sources */ = {isa = PBXBuildFile; fileRef = A8426D5223F9362400C7FD2C /* AddressBookController.swift */; };
		A8426D5523F936F000C7FD2C /* MessageCell.swift in Sources */ = {isa = PBXBuildFile; fileRef = A8426D5423F936F000C7FD2C /* MessageCell.swift */; };
		A8426D5723F9370700C7FD2C /* CustomCell.swift in Sources */ = {isa = PBXBuildFile; fileRef = A8426D5623F9370700C7FD2C /* CustomCell.swift */; };
		A8426D5A23F9376900C7FD2C /* SearchBarHeaderView.swift in Sources */ = {isa = PBXBuildFile; fileRef = A8426D5923F9376900C7FD2C /* SearchBarHeaderView.swift */; };
		A84B1F8A2404F16600419FCA /* CommentInputTextView.swift in Sources */ = {isa = PBXBuildFile; fileRef = A84B1F892404F16600419FCA /* CommentInputTextView.swift */; };
		A84B1F8C2404F29800419FCA /* CommentInputAccessoryView.swift in Sources */ = {isa = PBXBuildFile; fileRef = A84B1F8B2404F29800419FCA /* CommentInputAccessoryView.swift */; };
		A84C93E423FE48CD00985984 /* ChatMessageCell.swift in Sources */ = {isa = PBXBuildFile; fileRef = A84C93E323FE48CD00985984 /* ChatMessageCell.swift */; };
		A86F85232421D0930015C147 /* User.swift in Sources */ = {isa = PBXBuildFile; fileRef = A86F85222421D0930015C147 /* User.swift */; };
		A86F85252421D12F0015C147 /* APIService.swift in Sources */ = {isa = PBXBuildFile; fileRef = A86F85242421D12F0015C147 /* APIService.swift */; };
		A881370E242483BA0084E5D7 /* LoginController.swift in Sources */ = {isa = PBXBuildFile; fileRef = A881370D242483BA0084E5D7 /* LoginController.swift */; };
		A8813710242493160084E5D7 /* AuthenticationServices.framework in Frameworks */ = {isa = PBXBuildFile; fileRef = A881370F242493160084E5D7 /* AuthenticationServices.framework */; };
		A8C5F8A0240627ED008809D9 /* FlexibleTextView.swift in Sources */ = {isa = PBXBuildFile; fileRef = A8C5F89F240627EC008809D9 /* FlexibleTextView.swift */; };
		BFD278EB7D1C9814B91FF759 /* Pods_RunIt.framework in Frameworks */ = {isa = PBXBuildFile; fileRef = 4F7AFFEB9625C8BFE4D5A87D /* Pods_RunIt.framework */; };
/* End PBXBuildFile section */

/* Begin PBXFileReference section */
		0401DD847B5D4FA885BA4C87 /* Pods-RunIt.debug.xcconfig */ = {isa = PBXFileReference; includeInIndex = 1; lastKnownFileType = text.xcconfig; name = "Pods-RunIt.debug.xcconfig"; path = "Target Support Files/Pods-RunIt/Pods-RunIt.debug.xcconfig"; sourceTree = "<group>"; };
		4F7AFFEB9625C8BFE4D5A87D /* Pods_RunIt.framework */ = {isa = PBXFileReference; explicitFileType = wrapper.framework; includeInIndex = 0; path = Pods_RunIt.framework; sourceTree = BUILT_PRODUCTS_DIR; };
		A81E1E36242889AD0017BAFD /* libFBSDKCoreKit.a */ = {isa = PBXFileReference; explicitFileType = archive.ar; path = libFBSDKCoreKit.a; sourceTree = BUILT_PRODUCTS_DIR; };
		A83375AA23F8F2AE00321FDE /* 近邻.app */ = {isa = PBXFileReference; explicitFileType = wrapper.application; includeInIndex = 0; path = "近邻.app"; sourceTree = BUILT_PRODUCTS_DIR; };
		A83375AD23F8F2AE00321FDE /* AppDelegate.swift */ = {isa = PBXFileReference; lastKnownFileType = sourcecode.swift; path = AppDelegate.swift; sourceTree = "<group>"; };
		A83375AF23F8F2AE00321FDE /* SceneDelegate.swift */ = {isa = PBXFileReference; lastKnownFileType = sourcecode.swift; path = SceneDelegate.swift; sourceTree = "<group>"; };
		A83375B423F8F2AE00321FDE /* Base */ = {isa = PBXFileReference; lastKnownFileType = file.storyboard; name = Base; path = Base.lproj/Main.storyboard; sourceTree = "<group>"; };
		A83375B623F8F2B100321FDE /* Assets.xcassets */ = {isa = PBXFileReference; lastKnownFileType = folder.assetcatalog; path = Assets.xcassets; sourceTree = "<group>"; };
		A83375B923F8F2B100321FDE /* Base */ = {isa = PBXFileReference; lastKnownFileType = file.storyboard; name = Base; path = Base.lproj/LaunchScreen.storyboard; sourceTree = "<group>"; };
		A83375BB23F8F2B100321FDE /* Info.plist */ = {isa = PBXFileReference; lastKnownFileType = text.plist.xml; path = Info.plist; sourceTree = "<group>"; };
		A83375C323F8F30000321FDE /* GoogleService-Info.plist */ = {isa = PBXFileReference; fileEncoding = 4; lastKnownFileType = text.plist.xml; path = "GoogleService-Info.plist"; sourceTree = "<group>"; };
		A83375CE23F8F3AE00321FDE /* SignUpController.swift */ = {isa = PBXFileReference; lastKnownFileType = sourcecode.swift; path = SignUpController.swift; sourceTree = "<group>"; };
		A83375D023F8F46B00321FDE /* libFBSDKCoreKit.a */ = {isa = PBXFileReference; explicitFileType = archive.ar; path = libFBSDKCoreKit.a; sourceTree = BUILT_PRODUCTS_DIR; };
		A83375D223F8F47000321FDE /* libFBSDKCoreKit.a */ = {isa = PBXFileReference; explicitFileType = archive.ar; path = libFBSDKCoreKit.a; sourceTree = BUILT_PRODUCTS_DIR; };
		A83375D423F8F47800321FDE /* libFBSDKLoginKit.a */ = {isa = PBXFileReference; explicitFileType = archive.ar; path = libFBSDKLoginKit.a; sourceTree = BUILT_PRODUCTS_DIR; };
		A83375D623F8F9C900321FDE /* RunIt.entitlements */ = {isa = PBXFileReference; lastKnownFileType = text.plist.entitlements; path = RunIt.entitlements; sourceTree = "<group>"; };
		A83375D923F901BE00321FDE /* Color.swift */ = {isa = PBXFileReference; lastKnownFileType = sourcecode.swift; path = Color.swift; sourceTree = "<group>"; };
		A83375DC23F9023B00321FDE /* MainTabBarController.swift */ = {isa = PBXFileReference; lastKnownFileType = sourcecode.swift; path = MainTabBarController.swift; sourceTree = "<group>"; };
		A8341B46242AA18500F6C478 /* ProfileImagePickerController.swift */ = {isa = PBXFileReference; lastKnownFileType = sourcecode.swift; path = ProfileImagePickerController.swift; sourceTree = "<group>"; };
		A8362F832429BF7900A0E5AE /* libFBSDKCoreKit.a */ = {isa = PBXFileReference; explicitFileType = archive.ar; path = libFBSDKCoreKit.a; sourceTree = BUILT_PRODUCTS_DIR; };
		A8362F852429BF7D00A0E5AE /* libFBSDKLoginKit.a */ = {isa = PBXFileReference; explicitFileType = archive.ar; path = libFBSDKLoginKit.a; sourceTree = BUILT_PRODUCTS_DIR; };
		A8362F872429C00300A0E5AE /* libFBSDKCoreKit.a */ = {isa = PBXFileReference; explicitFileType = archive.ar; path = libFBSDKCoreKit.a; sourceTree = BUILT_PRODUCTS_DIR; };
		A8362F892429C00900A0E5AE /* libFBSDKLoginKit.a */ = {isa = PBXFileReference; explicitFileType = archive.ar; path = libFBSDKLoginKit.a; sourceTree = BUILT_PRODUCTS_DIR; };
		A8362F8B2429C27A00A0E5AE /* libFBSDKCoreKit.a */ = {isa = PBXFileReference; explicitFileType = archive.ar; path = libFBSDKCoreKit.a; sourceTree = BUILT_PRODUCTS_DIR; };
		A8362F8D2429C27F00A0E5AE /* libFBSDKLoginKit.a */ = {isa = PBXFileReference; explicitFileType = archive.ar; path = libFBSDKLoginKit.a; sourceTree = BUILT_PRODUCTS_DIR; };
		A83F2DA72406130E00FE705C /* Extensions.swift */ = {isa = PBXFileReference; lastKnownFileType = sourcecode.swift; path = Extensions.swift; sourceTree = "<group>"; };
		A840B6EE23F9A0E8004237E8 /* MeController.swift */ = {isa = PBXFileReference; lastKnownFileType = sourcecode.swift; path = MeController.swift; sourceTree = "<group>"; };
		A840B6F023F9A81C004237E8 /* MeCell.swift */ = {isa = PBXFileReference; lastKnownFileType = sourcecode.swift; path = MeCell.swift; sourceTree = "<group>"; };
		A840B6F223F9B58E004237E8 /* DiscoverController.swift */ = {isa = PBXFileReference; lastKnownFileType = sourcecode.swift; path = DiscoverController.swift; sourceTree = "<group>"; };
		A840B6F523F9B9D0004237E8 /* ProfileHeaderView.swift */ = {isa = PBXFileReference; lastKnownFileType = sourcecode.swift; path = ProfileHeaderView.swift; sourceTree = "<group>"; };
		A840B6F723F9FD47004237E8 /* ChatController.swift */ = {isa = PBXFileReference; lastKnownFileType = sourcecode.swift; path = ChatController.swift; sourceTree = "<group>"; };
		A840B6F923FA1DA3004237E8 /* SettingController.swift */ = {isa = PBXFileReference; lastKnownFileType = sourcecode.swift; path = SettingController.swift; sourceTree = "<group>"; };
		A8426D5023F935FE00C7FD2C /* MessageController.swift */ = {isa = PBXFileReference; lastKnownFileType = sourcecode.swift; path = MessageController.swift; sourceTree = "<group>"; };
		A8426D5223F9362400C7FD2C /* AddressBookController.swift */ = {isa = PBXFileReference; lastKnownFileType = sourcecode.swift; path = AddressBookController.swift; sourceTree = "<group>"; };
		A8426D5423F936F000C7FD2C /* MessageCell.swift */ = {isa = PBXFileReference; lastKnownFileType = sourcecode.swift; path = MessageCell.swift; sourceTree = "<group>"; };
		A8426D5623F9370700C7FD2C /* CustomCell.swift */ = {isa = PBXFileReference; lastKnownFileType = sourcecode.swift; path = CustomCell.swift; sourceTree = "<group>"; };
		A8426D5923F9376900C7FD2C /* SearchBarHeaderView.swift */ = {isa = PBXFileReference; lastKnownFileType = sourcecode.swift; path = SearchBarHeaderView.swift; sourceTree = "<group>"; };
		A84B1F892404F16600419FCA /* CommentInputTextView.swift */ = {isa = PBXFileReference; lastKnownFileType = sourcecode.swift; path = CommentInputTextView.swift; sourceTree = "<group>"; };
		A84B1F8B2404F29800419FCA /* CommentInputAccessoryView.swift */ = {isa = PBXFileReference; lastKnownFileType = sourcecode.swift; path = CommentInputAccessoryView.swift; sourceTree = "<group>"; xcLanguageSpecificationIdentifier = xcode.lang.swift; };
		A84C93E323FE48CD00985984 /* ChatMessageCell.swift */ = {isa = PBXFileReference; lastKnownFileType = sourcecode.swift; path = ChatMessageCell.swift; sourceTree = "<group>"; };
		A8567AFE24288B8F00D392A6 /* libFBSDKCoreKit.a */ = {isa = PBXFileReference; explicitFileType = archive.ar; path = libFBSDKCoreKit.a; sourceTree = BUILT_PRODUCTS_DIR; };
		A8567B0024288B9700D392A6 /* libFBSDKLoginKit.a */ = {isa = PBXFileReference; explicitFileType = archive.ar; path = libFBSDKLoginKit.a; sourceTree = BUILT_PRODUCTS_DIR; };
		A86F85222421D0930015C147 /* User.swift */ = {isa = PBXFileReference; lastKnownFileType = sourcecode.swift; path = User.swift; sourceTree = "<group>"; };
		A86F85242421D12F0015C147 /* APIService.swift */ = {isa = PBXFileReference; lastKnownFileType = sourcecode.swift; path = APIService.swift; sourceTree = "<group>"; };
		A881370D242483BA0084E5D7 /* LoginController.swift */ = {isa = PBXFileReference; lastKnownFileType = sourcecode.swift; path = LoginController.swift; sourceTree = "<group>"; };
		A881370F242493160084E5D7 /* AuthenticationServices.framework */ = {isa = PBXFileReference; lastKnownFileType = wrapper.framework; name = AuthenticationServices.framework; path = System/Library/Frameworks/AuthenticationServices.framework; sourceTree = SDKROOT; };
		A8C5F89F240627EC008809D9 /* FlexibleTextView.swift */ = {isa = PBXFileReference; lastKnownFileType = sourcecode.swift; path = FlexibleTextView.swift; sourceTree = "<group>"; };
		F005D735BE2BA1DEE2086629 /* Pods-RunIt.release.xcconfig */ = {isa = PBXFileReference; includeInIndex = 1; lastKnownFileType = text.xcconfig; name = "Pods-RunIt.release.xcconfig"; path = "Target Support Files/Pods-RunIt/Pods-RunIt.release.xcconfig"; sourceTree = "<group>"; };
/* End PBXFileReference section */

/* Begin PBXFrameworksBuildPhase section */
		A83375A723F8F2AE00321FDE /* Frameworks */ = {
			isa = PBXFrameworksBuildPhase;
			buildActionMask = 2147483647;
			files = (
				A8813710242493160084E5D7 /* AuthenticationServices.framework in Frameworks */,
				BFD278EB7D1C9814B91FF759 /* Pods_RunIt.framework in Frameworks */,
			);
			runOnlyForDeploymentPostprocessing = 0;
		};
/* End PBXFrameworksBuildPhase section */

/* Begin PBXGroup section */
		A83375A123F8F2AE00321FDE = {
			isa = PBXGroup;
			children = (
				A83375AC23F8F2AE00321FDE /* RunIt */,
				A83375AB23F8F2AE00321FDE /* Products */,
				F36D46956D2970560BD28881 /* Pods */,
				D413EE94B0C2E8EB853CAE3F /* Frameworks */,
			);
			sourceTree = "<group>";
		};
		A83375AB23F8F2AE00321FDE /* Products */ = {
			isa = PBXGroup;
			children = (
				A83375AA23F8F2AE00321FDE /* 近邻.app */,
			);
			name = Products;
			sourceTree = "<group>";
		};
		A83375AC23F8F2AE00321FDE /* RunIt */ = {
			isa = PBXGroup;
			children = (
				A86F85212421D0360015C147 /* Models */,
				A86F85202421D01C0015C147 /* API */,
				A8426D5823F9374A00C7FD2C /* View */,
				A83375DB23F9021700321FDE /* Controller */,
				A83375D823F901A500321FDE /* Helpers */,
				A83375D623F8F9C900321FDE /* RunIt.entitlements */,
				A83375CD23F8F34600321FDE /* Login */,
				A83375C323F8F30000321FDE /* GoogleService-Info.plist */,
				A83375AD23F8F2AE00321FDE /* AppDelegate.swift */,
				A83375AF23F8F2AE00321FDE /* SceneDelegate.swift */,
				A83375B323F8F2AE00321FDE /* Main.storyboard */,
				A83375B623F8F2B100321FDE /* Assets.xcassets */,
				A83375B823F8F2B100321FDE /* LaunchScreen.storyboard */,
				A83375BB23F8F2B100321FDE /* Info.plist */,
				A8426D5423F936F000C7FD2C /* MessageCell.swift */,
				A8426D5623F9370700C7FD2C /* CustomCell.swift */,
				A840B6F023F9A81C004237E8 /* MeCell.swift */,
				A83F2DA72406130E00FE705C /* Extensions.swift */,
			);
			path = RunIt;
			sourceTree = "<group>";
		};
		A83375CD23F8F34600321FDE /* Login */ = {
			isa = PBXGroup;
			children = (
				A83375CE23F8F3AE00321FDE /* SignUpController.swift */,
				A881370D242483BA0084E5D7 /* LoginController.swift */,
			);
			path = Login;
			sourceTree = "<group>";
		};
		A83375D823F901A500321FDE /* Helpers */ = {
			isa = PBXGroup;
			children = (
				A83375D923F901BE00321FDE /* Color.swift */,
			);
			path = Helpers;
			sourceTree = "<group>";
		};
		A83375DB23F9021700321FDE /* Controller */ = {
			isa = PBXGroup;
			children = (
				A84C93E523FE519D00985984 /* Chat */,
				A840B6F423F9B6D8004237E8 /* Me */,
				A83375DC23F9023B00321FDE /* MainTabBarController.swift */,
				A8426D5023F935FE00C7FD2C /* MessageController.swift */,
				A8426D5223F9362400C7FD2C /* AddressBookController.swift */,
				A840B6F223F9B58E004237E8 /* DiscoverController.swift */,
				A840B6F923FA1DA3004237E8 /* SettingController.swift */,
			);
			path = Controller;
			sourceTree = "<group>";
		};
		A840B6F423F9B6D8004237E8 /* Me */ = {
			isa = PBXGroup;
			children = (
				A840B6EE23F9A0E8004237E8 /* MeController.swift */,
				A8341B46242AA18500F6C478 /* ProfileImagePickerController.swift */,
			);
			path = Me;
			sourceTree = "<group>";
		};
		A8426D5823F9374A00C7FD2C /* View */ = {
			isa = PBXGroup;
			children = (
				A84B1F8B2404F29800419FCA /* CommentInputAccessoryView.swift */,
				A8426D5923F9376900C7FD2C /* SearchBarHeaderView.swift */,
				A840B6F523F9B9D0004237E8 /* ProfileHeaderView.swift */,
				A84B1F892404F16600419FCA /* CommentInputTextView.swift */,
				A8C5F89F240627EC008809D9 /* FlexibleTextView.swift */,
			);
			path = View;
			sourceTree = "<group>";
		};
		A84C93E523FE519D00985984 /* Chat */ = {
			isa = PBXGroup;
			children = (
				A840B6F723F9FD47004237E8 /* ChatController.swift */,
				A84C93E323FE48CD00985984 /* ChatMessageCell.swift */,
			);
			path = Chat;
			sourceTree = "<group>";
		};
		A86F85202421D01C0015C147 /* API */ = {
			isa = PBXGroup;
			children = (
				A86F85242421D12F0015C147 /* APIService.swift */,
			);
			path = API;
			sourceTree = "<group>";
		};
		A86F85212421D0360015C147 /* Models */ = {
			isa = PBXGroup;
			children = (
				A86F85222421D0930015C147 /* User.swift */,
			);
			path = Models;
			sourceTree = "<group>";
		};
		D413EE94B0C2E8EB853CAE3F /* Frameworks */ = {
			isa = PBXGroup;
			children = (
				A8362F8D2429C27F00A0E5AE /* libFBSDKLoginKit.a */,
				A8362F8B2429C27A00A0E5AE /* libFBSDKCoreKit.a */,
				A8362F892429C00900A0E5AE /* libFBSDKLoginKit.a */,
				A8362F872429C00300A0E5AE /* libFBSDKCoreKit.a */,
				A8362F852429BF7D00A0E5AE /* libFBSDKLoginKit.a */,
				A8362F832429BF7900A0E5AE /* libFBSDKCoreKit.a */,
				A8567B0024288B9700D392A6 /* libFBSDKLoginKit.a */,
				A8567AFE24288B8F00D392A6 /* libFBSDKCoreKit.a */,
				A81E1E36242889AD0017BAFD /* libFBSDKCoreKit.a */,
				A881370F242493160084E5D7 /* AuthenticationServices.framework */,
				A83375D423F8F47800321FDE /* libFBSDKLoginKit.a */,
				A83375D223F8F47000321FDE /* libFBSDKCoreKit.a */,
				A83375D023F8F46B00321FDE /* libFBSDKCoreKit.a */,
				4F7AFFEB9625C8BFE4D5A87D /* Pods_RunIt.framework */,
			);
			name = Frameworks;
			sourceTree = "<group>";
		};
		F36D46956D2970560BD28881 /* Pods */ = {
			isa = PBXGroup;
			children = (
				0401DD847B5D4FA885BA4C87 /* Pods-RunIt.debug.xcconfig */,
				F005D735BE2BA1DEE2086629 /* Pods-RunIt.release.xcconfig */,
			);
			path = Pods;
			sourceTree = "<group>";
		};
/* End PBXGroup section */

/* Begin PBXNativeTarget section */
		A83375A923F8F2AE00321FDE /* RunIt */ = {
			isa = PBXNativeTarget;
			buildConfigurationList = A83375BE23F8F2B100321FDE /* Build configuration list for PBXNativeTarget "RunIt" */;
			buildPhases = (
				5FE24BC61D6271217DA768BB /* [CP] Check Pods Manifest.lock */,
				A83375A623F8F2AE00321FDE /* Sources */,
				A83375A723F8F2AE00321FDE /* Frameworks */,
				A83375A823F8F2AE00321FDE /* Resources */,
				2162779C3A118E58B5B1446F /* [CP] Embed Pods Frameworks */,
			);
			buildRules = (
			);
			dependencies = (
			);
			name = RunIt;
			productName = RunIt;
			productReference = A83375AA23F8F2AE00321FDE /* 近邻.app */;
			productType = "com.apple.product-type.application";
		};
/* End PBXNativeTarget section */

/* Begin PBXProject section */
		A83375A223F8F2AE00321FDE /* Project object */ = {
			isa = PBXProject;
			attributes = {
				LastSwiftUpdateCheck = 1130;
				LastUpgradeCheck = 1130;
				ORGANIZATIONNAME = jwu;
				TargetAttributes = {
					A83375A923F8F2AE00321FDE = {
						CreatedOnToolsVersion = 11.3.1;
					};
				};
			};
			buildConfigurationList = A83375A523F8F2AE00321FDE /* Build configuration list for PBXProject "RunIt" */;
			compatibilityVersion = "Xcode 9.3";
			developmentRegion = en;
			hasScannedForEncodings = 0;
			knownRegions = (
				en,
				Base,
			);
			mainGroup = A83375A123F8F2AE00321FDE;
			productRefGroup = A83375AB23F8F2AE00321FDE /* Products */;
			projectDirPath = "";
			projectRoot = "";
			targets = (
				A83375A923F8F2AE00321FDE /* RunIt */,
			);
		};
/* End PBXProject section */

/* Begin PBXResourcesBuildPhase section */
		A83375A823F8F2AE00321FDE /* Resources */ = {
			isa = PBXResourcesBuildPhase;
			buildActionMask = 2147483647;
			files = (
				A83375BA23F8F2B100321FDE /* LaunchScreen.storyboard in Resources */,
				A83375B723F8F2B100321FDE /* Assets.xcassets in Resources */,
				A83375C423F8F30000321FDE /* GoogleService-Info.plist in Resources */,
				A83375B523F8F2AE00321FDE /* Main.storyboard in Resources */,
			);
			runOnlyForDeploymentPostprocessing = 0;
		};
/* End PBXResourcesBuildPhase section */

/* Begin PBXShellScriptBuildPhase section */
		2162779C3A118E58B5B1446F /* [CP] Embed Pods Frameworks */ = {
			isa = PBXShellScriptBuildPhase;
			buildActionMask = 2147483647;
			files = (
			);
			inputFileListPaths = (
				"${PODS_ROOT}/Target Support Files/Pods-RunIt/Pods-RunIt-frameworks-${CONFIGURATION}-input-files.xcfilelist",
			);
			name = "[CP] Embed Pods Frameworks";
			outputFileListPaths = (
				"${PODS_ROOT}/Target Support Files/Pods-RunIt/Pods-RunIt-frameworks-${CONFIGURATION}-output-files.xcfilelist",
			);
			runOnlyForDeploymentPostprocessing = 0;
			shellPath = /bin/sh;
			shellScript = "\"${PODS_ROOT}/Target Support Files/Pods-RunIt/Pods-RunIt-frameworks.sh\"\n";
			showEnvVarsInLog = 0;
		};
		5FE24BC61D6271217DA768BB /* [CP] Check Pods Manifest.lock */ = {
			isa = PBXShellScriptBuildPhase;
			buildActionMask = 2147483647;
			files = (
			);
			inputFileListPaths = (
			);
			inputPaths = (
				"${PODS_PODFILE_DIR_PATH}/Podfile.lock",
				"${PODS_ROOT}/Manifest.lock",
			);
			name = "[CP] Check Pods Manifest.lock";
			outputFileListPaths = (
			);
			outputPaths = (
				"$(DERIVED_FILE_DIR)/Pods-RunIt-checkManifestLockResult.txt",
			);
			runOnlyForDeploymentPostprocessing = 0;
			shellPath = /bin/sh;
			shellScript = "diff \"${PODS_PODFILE_DIR_PATH}/Podfile.lock\" \"${PODS_ROOT}/Manifest.lock\" > /dev/null\nif [ $? != 0 ] ; then\n    # print error to STDERR\n    echo \"error: The sandbox is not in sync with the Podfile.lock. Run 'pod install' or update your CocoaPods installation.\" >&2\n    exit 1\nfi\n# This output is used by Xcode 'outputs' to avoid re-running this script phase.\necho \"SUCCESS\" > \"${SCRIPT_OUTPUT_FILE_0}\"\n";
			showEnvVarsInLog = 0;
		};
/* End PBXShellScriptBuildPhase section */

/* Begin PBXSourcesBuildPhase section */
		A83375A623F8F2AE00321FDE /* Sources */ = {
			isa = PBXSourcesBuildPhase;
			buildActionMask = 2147483647;
			files = (
				A83375AE23F8F2AE00321FDE /* AppDelegate.swift in Sources */,
				A8426D5523F936F000C7FD2C /* MessageCell.swift in Sources */,
				A84C93E423FE48CD00985984 /* ChatMessageCell.swift in Sources */,
				A8426D5123F935FE00C7FD2C /* MessageController.swift in Sources */,
				A83375DA23F901BE00321FDE /* Color.swift in Sources */,
				A8341B47242AA18500F6C478 /* ProfileImagePickerController.swift in Sources */,
				A840B6FA23FA1DA4004237E8 /* SettingController.swift in Sources */,
				A84B1F8A2404F16600419FCA /* CommentInputTextView.swift in Sources */,
				A8426D5723F9370700C7FD2C /* CustomCell.swift in Sources */,
				A83375DD23F9023B00321FDE /* MainTabBarController.swift in Sources */,
				A83375CF23F8F3AE00321FDE /* SignUpController.swift in Sources */,
				A86F85232421D0930015C147 /* User.swift in Sources */,
				A83375B023F8F2AE00321FDE /* SceneDelegate.swift in Sources */,
				A840B6F823F9FD47004237E8 /* ChatController.swift in Sources */,
				A881370E242483BA0084E5D7 /* LoginController.swift in Sources */,
				A84B1F8C2404F29800419FCA /* CommentInputAccessoryView.swift in Sources */,
				A8426D5323F9362400C7FD2C /* AddressBookController.swift in Sources */,
				A840B6F323F9B58E004237E8 /* DiscoverController.swift in Sources */,
				A83F2DA82406130E00FE705C /* Extensions.swift in Sources */,
				A840B6F123F9A81C004237E8 /* MeCell.swift in Sources */,
				A86F85252421D12F0015C147 /* APIService.swift in Sources */,
				A840B6F623F9B9D0004237E8 /* ProfileHeaderView.swift in Sources */,
				A840B6EF23F9A0E8004237E8 /* MeController.swift in Sources */,
				A8426D5A23F9376900C7FD2C /* SearchBarHeaderView.swift in Sources */,
				A8C5F8A0240627ED008809D9 /* FlexibleTextView.swift in Sources */,
			);
			runOnlyForDeploymentPostprocessing = 0;
		};
/* End PBXSourcesBuildPhase section */

/* Begin PBXVariantGroup section */
		A83375B323F8F2AE00321FDE /* Main.storyboard */ = {
			isa = PBXVariantGroup;
			children = (
				A83375B423F8F2AE00321FDE /* Base */,
			);
			name = Main.storyboard;
			sourceTree = "<group>";
		};
		A83375B823F8F2B100321FDE /* LaunchScreen.storyboard */ = {
			isa = PBXVariantGroup;
			children = (
				A83375B923F8F2B100321FDE /* Base */,
			);
			name = LaunchScreen.storyboard;
			sourceTree = "<group>";
		};
/* End PBXVariantGroup section */

/* Begin XCBuildConfiguration section */
		A83375BC23F8F2B100321FDE /* Debug */ = {
			isa = XCBuildConfiguration;
			buildSettings = {
				ALWAYS_SEARCH_USER_PATHS = NO;
				CLANG_ANALYZER_NONNULL = YES;
				CLANG_ANALYZER_NUMBER_OBJECT_CONVERSION = YES_AGGRESSIVE;
				CLANG_CXX_LANGUAGE_STANDARD = "gnu++14";
				CLANG_CXX_LIBRARY = "libc++";
				CLANG_ENABLE_MODULES = YES;
				CLANG_ENABLE_OBJC_ARC = YES;
				CLANG_ENABLE_OBJC_WEAK = YES;
				CLANG_WARN_BLOCK_CAPTURE_AUTORELEASING = YES;
				CLANG_WARN_BOOL_CONVERSION = YES;
				CLANG_WARN_COMMA = YES;
				CLANG_WARN_CONSTANT_CONVERSION = YES;
				CLANG_WARN_DEPRECATED_OBJC_IMPLEMENTATIONS = YES;
				CLANG_WARN_DIRECT_OBJC_ISA_USAGE = YES_ERROR;
				CLANG_WARN_DOCUMENTATION_COMMENTS = YES;
				CLANG_WARN_EMPTY_BODY = YES;
				CLANG_WARN_ENUM_CONVERSION = YES;
				CLANG_WARN_INFINITE_RECURSION = YES;
				CLANG_WARN_INT_CONVERSION = YES;
				CLANG_WARN_NON_LITERAL_NULL_CONVERSION = YES;
				CLANG_WARN_OBJC_IMPLICIT_RETAIN_SELF = YES;
				CLANG_WARN_OBJC_LITERAL_CONVERSION = YES;
				CLANG_WARN_OBJC_ROOT_CLASS = YES_ERROR;
				CLANG_WARN_RANGE_LOOP_ANALYSIS = YES;
				CLANG_WARN_STRICT_PROTOTYPES = YES;
				CLANG_WARN_SUSPICIOUS_MOVE = YES;
				CLANG_WARN_UNGUARDED_AVAILABILITY = YES_AGGRESSIVE;
				CLANG_WARN_UNREACHABLE_CODE = YES;
				CLANG_WARN__DUPLICATE_METHOD_MATCH = YES;
				COPY_PHASE_STRIP = NO;
				DEBUG_INFORMATION_FORMAT = dwarf;
				ENABLE_STRICT_OBJC_MSGSEND = YES;
				ENABLE_TESTABILITY = YES;
				GCC_C_LANGUAGE_STANDARD = gnu11;
				GCC_DYNAMIC_NO_PIC = NO;
				GCC_NO_COMMON_BLOCKS = YES;
				GCC_OPTIMIZATION_LEVEL = 0;
				GCC_PREPROCESSOR_DEFINITIONS = (
					"DEBUG=1",
					"$(inherited)",
				);
				GCC_WARN_64_TO_32_BIT_CONVERSION = YES;
				GCC_WARN_ABOUT_RETURN_TYPE = YES_ERROR;
				GCC_WARN_UNDECLARED_SELECTOR = YES;
				GCC_WARN_UNINITIALIZED_AUTOS = YES_AGGRESSIVE;
				GCC_WARN_UNUSED_FUNCTION = YES;
				GCC_WARN_UNUSED_VARIABLE = YES;
				IPHONEOS_DEPLOYMENT_TARGET = 13.2;
				MTL_ENABLE_DEBUG_INFO = INCLUDE_SOURCE;
				MTL_FAST_MATH = YES;
				ONLY_ACTIVE_ARCH = YES;
				SDKROOT = iphoneos;
				SWIFT_ACTIVE_COMPILATION_CONDITIONS = DEBUG;
				SWIFT_OPTIMIZATION_LEVEL = "-Onone";
			};
			name = Debug;
		};
		A83375BD23F8F2B100321FDE /* Release */ = {
			isa = XCBuildConfiguration;
			buildSettings = {
				ALWAYS_SEARCH_USER_PATHS = NO;
				CLANG_ANALYZER_NONNULL = YES;
				CLANG_ANALYZER_NUMBER_OBJECT_CONVERSION = YES_AGGRESSIVE;
				CLANG_CXX_LANGUAGE_STANDARD = "gnu++14";
				CLANG_CXX_LIBRARY = "libc++";
				CLANG_ENABLE_MODULES = YES;
				CLANG_ENABLE_OBJC_ARC = YES;
				CLANG_ENABLE_OBJC_WEAK = YES;
				CLANG_WARN_BLOCK_CAPTURE_AUTORELEASING = YES;
				CLANG_WARN_BOOL_CONVERSION = YES;
				CLANG_WARN_COMMA = YES;
				CLANG_WARN_CONSTANT_CONVERSION = YES;
				CLANG_WARN_DEPRECATED_OBJC_IMPLEMENTATIONS = YES;
				CLANG_WARN_DIRECT_OBJC_ISA_USAGE = YES_ERROR;
				CLANG_WARN_DOCUMENTATION_COMMENTS = YES;
				CLANG_WARN_EMPTY_BODY = YES;
				CLANG_WARN_ENUM_CONVERSION = YES;
				CLANG_WARN_INFINITE_RECURSION = YES;
				CLANG_WARN_INT_CONVERSION = YES;
				CLANG_WARN_NON_LITERAL_NULL_CONVERSION = YES;
				CLANG_WARN_OBJC_IMPLICIT_RETAIN_SELF = YES;
				CLANG_WARN_OBJC_LITERAL_CONVERSION = YES;
				CLANG_WARN_OBJC_ROOT_CLASS = YES_ERROR;
				CLANG_WARN_RANGE_LOOP_ANALYSIS = YES;
				CLANG_WARN_STRICT_PROTOTYPES = YES;
				CLANG_WARN_SUSPICIOUS_MOVE = YES;
				CLANG_WARN_UNGUARDED_AVAILABILITY = YES_AGGRESSIVE;
				CLANG_WARN_UNREACHABLE_CODE = YES;
				CLANG_WARN__DUPLICATE_METHOD_MATCH = YES;
				COPY_PHASE_STRIP = NO;
				DEBUG_INFORMATION_FORMAT = "dwarf-with-dsym";
				ENABLE_NS_ASSERTIONS = NO;
				ENABLE_STRICT_OBJC_MSGSEND = YES;
				GCC_C_LANGUAGE_STANDARD = gnu11;
				GCC_NO_COMMON_BLOCKS = YES;
				GCC_WARN_64_TO_32_BIT_CONVERSION = YES;
				GCC_WARN_ABOUT_RETURN_TYPE = YES_ERROR;
				GCC_WARN_UNDECLARED_SELECTOR = YES;
				GCC_WARN_UNINITIALIZED_AUTOS = YES_AGGRESSIVE;
				GCC_WARN_UNUSED_FUNCTION = YES;
				GCC_WARN_UNUSED_VARIABLE = YES;
				IPHONEOS_DEPLOYMENT_TARGET = 13.2;
				MTL_ENABLE_DEBUG_INFO = NO;
				MTL_FAST_MATH = YES;
				SDKROOT = iphoneos;
				SWIFT_COMPILATION_MODE = wholemodule;
				SWIFT_OPTIMIZATION_LEVEL = "-O";
				VALIDATE_PRODUCT = YES;
			};
			name = Release;
		};
		A83375BF23F8F2B100321FDE /* Debug */ = {
			isa = XCBuildConfiguration;
			baseConfigurationReference = 0401DD847B5D4FA885BA4C87 /* Pods-RunIt.debug.xcconfig */;
			buildSettings = {
				ASSETCATALOG_COMPILER_APPICON_NAME = AppIcon;
				CLANG_ALLOW_NON_MODULAR_INCLUDES_IN_FRAMEWORK_MODULES = NO;
				CODE_SIGN_ENTITLEMENTS = RunIt/RunIt.entitlements;
				CODE_SIGN_STYLE = Automatic;
				DEVELOPMENT_TEAM = FZKGR3M2K5;
				INFOPLIST_FILE = RunIt/Info.plist;
				LD_RUNPATH_SEARCH_PATHS = (
					"$(inherited)",
					"@executable_path/Frameworks",
				);
				PRODUCT_BUNDLE_IDENTIFIER = com.ideasminer.RunIt;
				PRODUCT_NAME = "近邻";
				SWIFT_VERSION = 5.0;
				TARGETED_DEVICE_FAMILY = "1,2";
			};
			name = Debug;
		};
		A83375C023F8F2B100321FDE /* Release */ = {
			isa = XCBuildConfiguration;
			baseConfigurationReference = F005D735BE2BA1DEE2086629 /* Pods-RunIt.release.xcconfig */;
			buildSettings = {
				ASSETCATALOG_COMPILER_APPICON_NAME = AppIcon;
				CLANG_ALLOW_NON_MODULAR_INCLUDES_IN_FRAMEWORK_MODULES = NO;
				CODE_SIGN_ENTITLEMENTS = RunIt/RunIt.entitlements;
				CODE_SIGN_STYLE = Automatic;
				DEVELOPMENT_TEAM = FZKGR3M2K5;
				INFOPLIST_FILE = RunIt/Info.plist;
				LD_RUNPATH_SEARCH_PATHS = (
					"$(inherited)",
					"@executable_path/Frameworks",
				);
				PRODUCT_BUNDLE_IDENTIFIER = com.ideasminer.RunIt;
				PRODUCT_NAME = "近邻";
				SWIFT_VERSION = 5.0;
				TARGETED_DEVICE_FAMILY = "1,2";
			};
			name = Release;
		};
/* End XCBuildConfiguration section */

/* Begin XCConfigurationList section */
		A83375A523F8F2AE00321FDE /* Build configuration list for PBXProject "RunIt" */ = {
			isa = XCConfigurationList;
			buildConfigurations = (
				A83375BC23F8F2B100321FDE /* Debug */,
				A83375BD23F8F2B100321FDE /* Release */,
			);
			defaultConfigurationIsVisible = 0;
			defaultConfigurationName = Release;
		};
		A83375BE23F8F2B100321FDE /* Build configuration list for PBXNativeTarget "RunIt" */ = {
			isa = XCConfigurationList;
			buildConfigurations = (
				A83375BF23F8F2B100321FDE /* Debug */,
				A83375C023F8F2B100321FDE /* Release */,
			);
			defaultConfigurationIsVisible = 0;
			defaultConfigurationName = Release;
		};
/* End XCConfigurationList section */
	};
	rootObject = A83375A223F8F2AE00321FDE /* Project object */;
}
